PODS:
  - CocoaAsyncSocket (7.6.3)
  - CocoaMQTT (1.2.4):
    - CocoaAsyncSocket (~> 7.6.3)
  - KeychainAccess (3.2.0)
  - SDWebImage (4.4.2):
    - SDWebImage/Core (= 4.4.2)
  - SDWebImage/Core (4.4.2)

DEPENDENCIES:
  - CocoaMQTT
  - KeychainAccess
  - SDWebImage (~> 4.0)

SPEC REPOS:
  https://github.com/cocoapods/specs.git:
    - CocoaAsyncSocket
    - CocoaMQTT
    - KeychainAccess
    - SDWebImage

SPEC CHECKSUMS:
  CocoaAsyncSocket: eafaa68a7e0ec99ead0a7b35015e0bf25d2c8987
  CocoaMQTT: 56f7a757a65c65bbb4df17c6f06aeea79fb2969c
  KeychainAccess: 3b1bf8a77eb4c6ea1ce9404c292e48f948954c6b
  SDWebImage: 624d6e296c69b244bcede364c72ae0430ac14681

PODFILE CHECKSUM: e9fa2f80db90094181e6ecc520476189d78b6d91

COCOAPODS: 1.7.5
