PODS:
  - 1PasswordExtension (1.8.4)
  - Alamofire (4.5.0)
  - SwiftLint (0.20.1)
  - SwiftyJSON (3.1.4)

DEPENDENCIES:
  - 1PasswordExtension
  - Alamofire (~> 4.4)
  - SwiftLint
  - SwiftyJSON

SPEC CHECKSUMS:
  1PasswordExtension: e775a29310c65851e5a6cec1afc349ab4e334e47
  Alamofire: f28cdffd29de33a7bfa022cbd63ae95a27fae140
  SwiftLint: f60095dc173a3f3ec505bb34f5229c3dfd779a54
  SwiftyJSON: c2842d878f95482ffceec5709abc3d05680c0220

PODFILE CHECKSUM: 47e37e8e0c65fab46a926916096d7aa93ac2a2d7

COCOAPODS: 1.2.1
