// !$*UTF8*$!
{
	archiveVersion = 1;
	classes = {
	};
	objectVersion = 51;
	objects = {

/* Begin PBXBuildFile section */
		63E91D3ED53A694F10C8C8F5 /* Pods_NextPomodoro.framework in Frameworks */ = {isa = PBXBuildFile; fileRef = C05BE79E22F7E86CBCAA0D34 /* Pods_NextPomodoro.framework */; };
		870A0491231E946E00A83842 /* UITableViewController+ReuseableCell.swift in Sources */ = {isa = PBXBuildFile; fileRef = 870A0490231E946E00A83842 /* UITableViewController+ReuseableCell.swift */; };
		870A0497231E9DAE00A83842 /* FavoriteTableViewCell.swift in Sources */ = {isa = PBXBuildFile; fileRef = 870A0495231E9DAE00A83842 /* FavoriteTableViewCell.swift */; };
		870A0498231E9DAE00A83842 /* FavoriteTableViewCell.xib in Resources */ = {isa = PBXBuildFile; fileRef = 870A0496231E9DAE00A83842 /* FavoriteTableViewCell.xib */; };
		870A049A231EA45200A83842 /* Constants.swift in Sources */ = {isa = PBXBuildFile; fileRef = 870A0499231EA45200A83842 /* Constants.swift */; };
		870A049B231EA50500A83842 /* Constants.swift in Sources */ = {isa = PBXBuildFile; fileRef = 870A0499231EA45200A83842 /* Constants.swift */; };
		8720384722EF2E47001577EF /* Storyboarded.swift in Sources */ = {isa = PBXBuildFile; fileRef = 8720384622EF2E47001577EF /* Storyboarded.swift */; };
		873AF08523251D3F00D6E9E3 /* SettingsViewController.swift in Sources */ = {isa = PBXBuildFile; fileRef = 873AF08423251D3F00D6E9E3 /* SettingsViewController.swift */; };
		87402D002144FDEC00F0C43A /* NewFavoriteController.swift in Sources */ = {isa = PBXBuildFile; fileRef = 87402CFF2144FDEC00F0C43A /* NewFavoriteController.swift */; };
		8756548B212947AA00D69D6D /* FavoritesViewController.swift in Sources */ = {isa = PBXBuildFile; fileRef = 8756548A212947AA00D69D6D /* FavoritesViewController.swift */; };
		8756548D2129586000D69D6D /* HistoryViewController.swift in Sources */ = {isa = PBXBuildFile; fileRef = 8756548C2129586000D69D6D /* HistoryViewController.swift */; };
		8756548F2129679100D69D6D /* CountdownViewController.swift in Sources */ = {isa = PBXBuildFile; fileRef = 8756548E2129679100D69D6D /* CountdownViewController.swift */; };
		8758DB542324ADDC008F94F9 /* CountdownTableViewCell.swift in Sources */ = {isa = PBXBuildFile; fileRef = 8758DB522324ADDC008F94F9 /* CountdownTableViewCell.swift */; };
		8758DB552324ADDC008F94F9 /* CountdownTableViewCell.xib in Resources */ = {isa = PBXBuildFile; fileRef = 8758DB532324ADDC008F94F9 /* CountdownTableViewCell.xib */; };
		8758DB582324B18F008F94F9 /* DateTableViewCell.swift in Sources */ = {isa = PBXBuildFile; fileRef = 8758DB562324B18F008F94F9 /* DateTableViewCell.swift */; };
		8758DB592324B18F008F94F9 /* DateTableViewCell.xib in Resources */ = {isa = PBXBuildFile; fileRef = 8758DB572324B18F008F94F9 /* DateTableViewCell.xib */; };
		8758DB5B2324B880008F94F9 /* APIBase.swift in Sources */ = {isa = PBXBuildFile; fileRef = 8758DB5A2324B880008F94F9 /* APIBase.swift */; };
		8758DB5C2324B8E1008F94F9 /* APIBase.swift in Sources */ = {isa = PBXBuildFile; fileRef = 8758DB5A2324B880008F94F9 /* APIBase.swift */; };
		8758DB5E2324C0E6008F94F9 /* SelectCategoryViewController.swift in Sources */ = {isa = PBXBuildFile; fileRef = 8758DB5D2324C0E6008F94F9 /* SelectCategoryViewController.swift */; };
		8758DB762324F766008F94F9 /* UIAlert+Localized.swift in Sources */ = {isa = PBXBuildFile; fileRef = 8758DB752324F766008F94F9 /* UIAlert+Localized.swift */; };
		8758DB782324F78F008F94F9 /* FavoriteEditViewController.swift in Sources */ = {isa = PBXBuildFile; fileRef = 8758DB772324F78F008F94F9 /* FavoriteEditViewController.swift */; };
		8758DB7E2324F8CD008F94F9 /* Localizable.strings in Resources */ = {isa = PBXBuildFile; fileRef = 8758DB802324F8CD008F94F9 /* Localizable.strings */; };
		876CA28C23249E2E00388C3F /* HistoryEditViewController.swift in Sources */ = {isa = PBXBuildFile; fileRef = 876CA28B23249E2E00388C3F /* HistoryEditViewController.swift */; };
		876CA28E23249F5300388C3F /* LeftTableViewCell.swift in Sources */ = {isa = PBXBuildFile; fileRef = 876CA28D23249F5300388C3F /* LeftTableViewCell.swift */; };
		876CA2912324A00C00388C3F /* TextTableViewCell.swift in Sources */ = {isa = PBXBuildFile; fileRef = 876CA28F2324A00C00388C3F /* TextTableViewCell.swift */; };
		876CA2922324A00C00388C3F /* TextTableViewCell.xib in Resources */ = {isa = PBXBuildFile; fileRef = 876CA2902324A00C00388C3F /* TextTableViewCell.xib */; };
		876CA2952324A5C800388C3F /* ButtonTableViewCell.swift in Sources */ = {isa = PBXBuildFile; fileRef = 876CA2932324A5C800388C3F /* ButtonTableViewCell.swift */; };
		876CA2962324A5C800388C3F /* ButtonTableViewCell.xib in Resources */ = {isa = PBXBuildFile; fileRef = 876CA2942324A5C800388C3F /* ButtonTableViewCell.xib */; };
		8773DB122144EE5A00CF52CB /* Favorite.swift in Sources */ = {isa = PBXBuildFile; fileRef = 8773DB112144EE5A00CF52CB /* Favorite.swift */; };
		8773DB142144EE7E00CF52CB /* Settings.swift in Sources */ = {isa = PBXBuildFile; fileRef = 8773DB132144EE7E00CF52CB /* Settings.swift */; };
		8773DB152144EF1D00CF52CB /* Favorite.swift in Sources */ = {isa = PBXBuildFile; fileRef = 8773DB112144EE5A00CF52CB /* Favorite.swift */; };
		8773DB162144EF1F00CF52CB /* Settings.swift in Sources */ = {isa = PBXBuildFile; fileRef = 8773DB132144EE7E00CF52CB /* Settings.swift */; };
		878808062335A730001C58D3 /* UITextField+Validator.swift in Sources */ = {isa = PBXBuildFile; fileRef = 878808052335A730001C58D3 /* UITextField+Validator.swift */; };
		878808082335AC4B001C58D3 /* Info.swift in Sources */ = {isa = PBXBuildFile; fileRef = 878808072335AC4B001C58D3 /* Info.swift */; };
		87B651772128F0AD006D88AF /* AppDelegate.swift in Sources */ = {isa = PBXBuildFile; fileRef = 87B651762128F0AD006D88AF /* AppDelegate.swift */; };
		87B6517E2128F0AD006D88AF /* Main.storyboard in Resources */ = {isa = PBXBuildFile; fileRef = 87B6517C2128F0AD006D88AF /* Main.storyboard */; };
		87B651802128F0AE006D88AF /* Assets.xcassets in Resources */ = {isa = PBXBuildFile; fileRef = 87B6517F2128F0AE006D88AF /* Assets.xcassets */; };
		87B651832128F0AE006D88AF /* LaunchScreen.storyboard in Resources */ = {isa = PBXBuildFile; fileRef = 87B651812128F0AE006D88AF /* LaunchScreen.storyboard */; };
		87B6518B2128F184006D88AF /* TabBarController.swift in Sources */ = {isa = PBXBuildFile; fileRef = 87B6518A2128F184006D88AF /* TabBarController.swift */; };
		87B6518D2128F258006D88AF /* LoginViewController.swift in Sources */ = {isa = PBXBuildFile; fileRef = 87B6518C2128F258006D88AF /* LoginViewController.swift */; };
		87B651952128F422006D88AF /* NotificationCenter.framework in Frameworks */ = {isa = PBXBuildFile; fileRef = 87B651942128F422006D88AF /* NotificationCenter.framework */; };
		87B651982128F422006D88AF /* TodayViewController.swift in Sources */ = {isa = PBXBuildFile; fileRef = 87B651972128F422006D88AF /* TodayViewController.swift */; };
		87B6519B2128F422006D88AF /* MainInterface.storyboard in Resources */ = {isa = PBXBuildFile; fileRef = 87B651992128F422006D88AF /* MainInterface.storyboard */; };
		87B6519F2128F422006D88AF /* NextPomodoroToday.appex in Embed App Extensions */ = {isa = PBXBuildFile; fileRef = 87B651922128F422006D88AF /* NextPomodoroToday.appex */; settings = {ATTRIBUTES = (RemoveHeadersOnCopy, ); }; };
		87B651A52128F45E006D88AF /* PomodoroAPI.swift in Sources */ = {isa = PBXBuildFile; fileRef = 87B651A42128F45E006D88AF /* PomodoroAPI.swift */; };
		87B651A62128F488006D88AF /* PomodoroAPI.swift in Sources */ = {isa = PBXBuildFile; fileRef = 87B651A42128F45E006D88AF /* PomodoroAPI.swift */; };
		87C43BD72144E6F800E9C687 /* Extensions.swift in Sources */ = {isa = PBXBuildFile; fileRef = 87C43BD62144E6F800E9C687 /* Extensions.swift */; };
		87C43BDB2144EBE700E9C687 /* Pomodoro.swift in Sources */ = {isa = PBXBuildFile; fileRef = 87C43BDA2144EBE700E9C687 /* Pomodoro.swift */; };
		87C43BDC2144EBE700E9C687 /* Pomodoro.swift in Sources */ = {isa = PBXBuildFile; fileRef = 87C43BDA2144EBE700E9C687 /* Pomodoro.swift */; };
		87F397F4231E9169000AA82A /* HistoryTableViewCell.swift in Sources */ = {isa = PBXBuildFile; fileRef = 87F397F2231E9169000AA82A /* HistoryTableViewCell.swift */; };
		87F397F5231E9169000AA82A /* HistoryTableViewCell.xib in Resources */ = {isa = PBXBuildFile; fileRef = 87F397F3231E9169000AA82A /* HistoryTableViewCell.xib */; };
		BDE02643AD97F936BAF7073A /* Pods_NextPomodoroToday.framework in Frameworks */ = {isa = PBXBuildFile; fileRef = B4BCF5F1017B84873D27D8BE /* Pods_NextPomodoroToday.framework */; };
		C1711A6F231F443100BF4B93 /* Log.swift in Sources */ = {isa = PBXBuildFile; fileRef = C1711A6E231F443100BF4B93 /* Log.swift */; };
		C1711A70231F47CD00BF4B93 /* Log.swift in Sources */ = {isa = PBXBuildFile; fileRef = C1711A6E231F443100BF4B93 /* Log.swift */; };
		C19EC700212CEC5D005F5A2F /* Assets.xcassets in Resources */ = {isa = PBXBuildFile; fileRef = 87B6517F2128F0AE006D88AF /* Assets.xcassets */; };
		C19EFB9422EFD37A00DA4666 /* Notification+Constants.swift in Sources */ = {isa = PBXBuildFile; fileRef = C19EFB9322EFD37A00DA4666 /* Notification+Constants.swift */; };
/* End PBXBuildFile section */

/* Begin PBXContainerItemProxy section */
		87B6519D2128F422006D88AF /* PBXContainerItemProxy */ = {
			isa = PBXContainerItemProxy;
			containerPortal = 87B6516B2128F0AD006D88AF /* Project object */;
			proxyType = 1;
			remoteGlobalIDString = 87B651912128F422006D88AF;
			remoteInfo = NextPomodoroToday;
		};
/* End PBXContainerItemProxy section */

/* Begin PBXCopyFilesBuildPhase section */
		87B651A32128F422006D88AF /* Embed App Extensions */ = {
			isa = PBXCopyFilesBuildPhase;
			buildActionMask = 2147483647;
			dstPath = "";
			dstSubfolderSpec = 13;
			files = (
				87B6519F2128F422006D88AF /* NextPomodoroToday.appex in Embed App Extensions */,
			);
			name = "Embed App Extensions";
			runOnlyForDeploymentPostprocessing = 0;
		};
/* End PBXCopyFilesBuildPhase section */

/* Begin PBXFileReference section */
		06C828C1149C556C1E910314 /* Pods-NextPomodoro.release.xcconfig */ = {isa = PBXFileReference; includeInIndex = 1; lastKnownFileType = text.xcconfig; name = "Pods-NextPomodoro.release.xcconfig"; path = "Target Support Files/Pods-NextPomodoro/Pods-NextPomodoro.release.xcconfig"; sourceTree = "<group>"; };
		34E0C4A4FF8833CFAB9838C3 /* Pods-NextPomodoroToday.debug.xcconfig */ = {isa = PBXFileReference; includeInIndex = 1; lastKnownFileType = text.xcconfig; name = "Pods-NextPomodoroToday.debug.xcconfig"; path = "Target Support Files/Pods-NextPomodoroToday/Pods-NextPomodoroToday.debug.xcconfig"; sourceTree = "<group>"; };
		59AECB448DE7C79C2C4635B2 /* Pods-NextPomodoroToday.release.xcconfig */ = {isa = PBXFileReference; includeInIndex = 1; lastKnownFileType = text.xcconfig; name = "Pods-NextPomodoroToday.release.xcconfig"; path = "Target Support Files/Pods-NextPomodoroToday/Pods-NextPomodoroToday.release.xcconfig"; sourceTree = "<group>"; };
		870A0490231E946E00A83842 /* UITableViewController+ReuseableCell.swift */ = {isa = PBXFileReference; lastKnownFileType = sourcecode.swift; path = "UITableViewController+ReuseableCell.swift"; sourceTree = "<group>"; };
		870A0495231E9DAE00A83842 /* FavoriteTableViewCell.swift */ = {isa = PBXFileReference; lastKnownFileType = sourcecode.swift; path = FavoriteTableViewCell.swift; sourceTree = "<group>"; };
		870A0496231E9DAE00A83842 /* FavoriteTableViewCell.xib */ = {isa = PBXFileReference; lastKnownFileType = file.xib; path = FavoriteTableViewCell.xib; sourceTree = "<group>"; };
		870A0499231EA45200A83842 /* Constants.swift */ = {isa = PBXFileReference; lastKnownFileType = sourcecode.swift; path = Constants.swift; sourceTree = "<group>"; };
		8720384622EF2E47001577EF /* Storyboarded.swift */ = {isa = PBXFileReference; lastKnownFileType = sourcecode.swift; path = Storyboarded.swift; sourceTree = "<group>"; };
		873AF08423251D3F00D6E9E3 /* SettingsViewController.swift */ = {isa = PBXFileReference; fileEncoding = 4; lastKnownFileType = sourcecode.swift; path = SettingsViewController.swift; sourceTree = "<group>"; };
		87402CFF2144FDEC00F0C43A /* NewFavoriteController.swift */ = {isa = PBXFileReference; lastKnownFileType = sourcecode.swift; path = NewFavoriteController.swift; sourceTree = "<group>"; };
		8756548A212947AA00D69D6D /* FavoritesViewController.swift */ = {isa = PBXFileReference; lastKnownFileType = sourcecode.swift; path = FavoritesViewController.swift; sourceTree = "<group>"; };
		8756548C2129586000D69D6D /* HistoryViewController.swift */ = {isa = PBXFileReference; lastKnownFileType = sourcecode.swift; path = HistoryViewController.swift; sourceTree = "<group>"; };
		8756548E2129679100D69D6D /* CountdownViewController.swift */ = {isa = PBXFileReference; lastKnownFileType = sourcecode.swift; path = CountdownViewController.swift; sourceTree = "<group>"; };
		8758DB522324ADDC008F94F9 /* CountdownTableViewCell.swift */ = {isa = PBXFileReference; lastKnownFileType = sourcecode.swift; path = CountdownTableViewCell.swift; sourceTree = "<group>"; };
		8758DB532324ADDC008F94F9 /* CountdownTableViewCell.xib */ = {isa = PBXFileReference; lastKnownFileType = file.xib; path = CountdownTableViewCell.xib; sourceTree = "<group>"; };
		8758DB562324B18F008F94F9 /* DateTableViewCell.swift */ = {isa = PBXFileReference; lastKnownFileType = sourcecode.swift; path = DateTableViewCell.swift; sourceTree = "<group>"; };
		8758DB572324B18F008F94F9 /* DateTableViewCell.xib */ = {isa = PBXFileReference; lastKnownFileType = file.xib; path = DateTableViewCell.xib; sourceTree = "<group>"; };
		8758DB5A2324B880008F94F9 /* APIBase.swift */ = {isa = PBXFileReference; lastKnownFileType = sourcecode.swift; path = APIBase.swift; sourceTree = "<group>"; };
		8758DB5D2324C0E6008F94F9 /* SelectCategoryViewController.swift */ = {isa = PBXFileReference; lastKnownFileType = sourcecode.swift; path = SelectCategoryViewController.swift; sourceTree = "<group>"; };
		8758DB752324F766008F94F9 /* UIAlert+Localized.swift */ = {isa = PBXFileReference; fileEncoding = 4; lastKnownFileType = sourcecode.swift; path = "UIAlert+Localized.swift"; sourceTree = "<group>"; };
		8758DB772324F78F008F94F9 /* FavoriteEditViewController.swift */ = {isa = PBXFileReference; fileEncoding = 4; lastKnownFileType = sourcecode.swift; path = FavoriteEditViewController.swift; sourceTree = "<group>"; };
		8758DB792324F7C4008F94F9 /* ja */ = {isa = PBXFileReference; lastKnownFileType = text.plist.strings; name = ja; path = ja.lproj/Main.storyboard; sourceTree = "<group>"; };
		8758DB7A2324F7C4008F94F9 /* ja */ = {isa = PBXFileReference; lastKnownFileType = text.plist.strings; name = ja; path = ja.lproj/LaunchScreen.storyboard; sourceTree = "<group>"; };
		8758DB7B2324F7C4008F94F9 /* ja */ = {isa = PBXFileReference; lastKnownFileType = text.plist.strings; name = ja; path = ja.lproj/MainInterface.storyboard; sourceTree = "<group>"; };
		8758DB812324F8D1008F94F9 /* ja */ = {isa = PBXFileReference; lastKnownFileType = text.plist.strings; name = ja; path = ja.lproj/Localizable.strings; sourceTree = "<group>"; };
		875ADE09213A786800841740 /* README.md */ = {isa = PBXFileReference; lastKnownFileType = net.daringfireball.markdown; path = README.md; sourceTree = "<group>"; };
		876CA28B23249E2E00388C3F /* HistoryEditViewController.swift */ = {isa = PBXFileReference; lastKnownFileType = sourcecode.swift; path = HistoryEditViewController.swift; sourceTree = "<group>"; };
		876CA28D23249F5300388C3F /* LeftTableViewCell.swift */ = {isa = PBXFileReference; lastKnownFileType = sourcecode.swift; path = LeftTableViewCell.swift; sourceTree = "<group>"; };
		876CA28F2324A00C00388C3F /* TextTableViewCell.swift */ = {isa = PBXFileReference; lastKnownFileType = sourcecode.swift; path = TextTableViewCell.swift; sourceTree = "<group>"; };
		876CA2902324A00C00388C3F /* TextTableViewCell.xib */ = {isa = PBXFileReference; lastKnownFileType = file.xib; path = TextTableViewCell.xib; sourceTree = "<group>"; };
		876CA2932324A5C800388C3F /* ButtonTableViewCell.swift */ = {isa = PBXFileReference; lastKnownFileType = sourcecode.swift; path = ButtonTableViewCell.swift; sourceTree = "<group>"; };
		876CA2942324A5C800388C3F /* ButtonTableViewCell.xib */ = {isa = PBXFileReference; lastKnownFileType = file.xib; path = ButtonTableViewCell.xib; sourceTree = "<group>"; };
		8773DB112144EE5A00CF52CB /* Favorite.swift */ = {isa = PBXFileReference; lastKnownFileType = sourcecode.swift; path = Favorite.swift; sourceTree = "<group>"; };
		8773DB132144EE7E00CF52CB /* Settings.swift */ = {isa = PBXFileReference; lastKnownFileType = sourcecode.swift; path = Settings.swift; sourceTree = "<group>"; };
		878808052335A730001C58D3 /* UITextField+Validator.swift */ = {isa = PBXFileReference; lastKnownFileType = sourcecode.swift; path = "UITextField+Validator.swift"; sourceTree = "<group>"; };
		878808072335AC4B001C58D3 /* Info.swift */ = {isa = PBXFileReference; lastKnownFileType = sourcecode.swift; path = Info.swift; sourceTree = "<group>"; };
		87B651732128F0AD006D88AF /* NextPomodoro.app */ = {isa = PBXFileReference; explicitFileType = wrapper.application; includeInIndex = 0; path = NextPomodoro.app; sourceTree = BUILT_PRODUCTS_DIR; };
		87B651762128F0AD006D88AF /* AppDelegate.swift */ = {isa = PBXFileReference; lastKnownFileType = sourcecode.swift; path = AppDelegate.swift; sourceTree = "<group>"; };
		87B6517D2128F0AD006D88AF /* Base */ = {isa = PBXFileReference; lastKnownFileType = file.storyboard; name = Base; path = Base.lproj/Main.storyboard; sourceTree = "<group>"; };
		87B6517F2128F0AE006D88AF /* Assets.xcassets */ = {isa = PBXFileReference; lastKnownFileType = folder.assetcatalog; path = Assets.xcassets; sourceTree = "<group>"; };
		87B651822128F0AE006D88AF /* Base */ = {isa = PBXFileReference; lastKnownFileType = file.storyboard; name = Base; path = Base.lproj/LaunchScreen.storyboard; sourceTree = "<group>"; };
		87B651842128F0AE006D88AF /* Info.plist */ = {isa = PBXFileReference; lastKnownFileType = text.plist.xml; path = Info.plist; sourceTree = "<group>"; };
		87B6518A2128F184006D88AF /* TabBarController.swift */ = {isa = PBXFileReference; lastKnownFileType = sourcecode.swift; path = TabBarController.swift; sourceTree = "<group>"; };
		87B6518C2128F258006D88AF /* LoginViewController.swift */ = {isa = PBXFileReference; lastKnownFileType = sourcecode.swift; path = LoginViewController.swift; sourceTree = "<group>"; };
		87B651922128F422006D88AF /* NextPomodoroToday.appex */ = {isa = PBXFileReference; explicitFileType = "wrapper.app-extension"; includeInIndex = 0; path = NextPomodoroToday.appex; sourceTree = BUILT_PRODUCTS_DIR; };
		87B651942128F422006D88AF /* NotificationCenter.framework */ = {isa = PBXFileReference; lastKnownFileType = wrapper.framework; name = NotificationCenter.framework; path = System/Library/Frameworks/NotificationCenter.framework; sourceTree = SDKROOT; };
		87B651972128F422006D88AF /* TodayViewController.swift */ = {isa = PBXFileReference; lastKnownFileType = sourcecode.swift; path = TodayViewController.swift; sourceTree = "<group>"; };
		87B6519A2128F422006D88AF /* Base */ = {isa = PBXFileReference; lastKnownFileType = file.storyboard; name = Base; path = Base.lproj/MainInterface.storyboard; sourceTree = "<group>"; };
		87B6519C2128F422006D88AF /* Info.plist */ = {isa = PBXFileReference; lastKnownFileType = text.plist.xml; path = Info.plist; sourceTree = "<group>"; };
		87B651A42128F45E006D88AF /* PomodoroAPI.swift */ = {isa = PBXFileReference; lastKnownFileType = sourcecode.swift; path = PomodoroAPI.swift; sourceTree = "<group>"; };
		87C43BD62144E6F800E9C687 /* Extensions.swift */ = {isa = PBXFileReference; lastKnownFileType = sourcecode.swift; path = Extensions.swift; sourceTree = "<group>"; };
		87C43BDA2144EBE700E9C687 /* Pomodoro.swift */ = {isa = PBXFileReference; lastKnownFileType = sourcecode.swift; path = Pomodoro.swift; sourceTree = "<group>"; };
		87F397F2231E9169000AA82A /* HistoryTableViewCell.swift */ = {isa = PBXFileReference; lastKnownFileType = sourcecode.swift; path = HistoryTableViewCell.swift; sourceTree = "<group>"; };
		87F397F3231E9169000AA82A /* HistoryTableViewCell.xib */ = {isa = PBXFileReference; lastKnownFileType = file.xib; path = HistoryTableViewCell.xib; sourceTree = "<group>"; };
		A25BB0A2A811FF8B98F2AFC7 /* Pods-NextPomodoro.debug.xcconfig */ = {isa = PBXFileReference; includeInIndex = 1; lastKnownFileType = text.xcconfig; name = "Pods-NextPomodoro.debug.xcconfig"; path = "Target Support Files/Pods-NextPomodoro/Pods-NextPomodoro.debug.xcconfig"; sourceTree = "<group>"; };
		B4BCF5F1017B84873D27D8BE /* Pods_NextPomodoroToday.framework */ = {isa = PBXFileReference; explicitFileType = wrapper.framework; includeInIndex = 0; path = Pods_NextPomodoroToday.framework; sourceTree = BUILT_PRODUCTS_DIR; };
		C05BE79E22F7E86CBCAA0D34 /* Pods_NextPomodoro.framework */ = {isa = PBXFileReference; explicitFileType = wrapper.framework; includeInIndex = 0; path = Pods_NextPomodoro.framework; sourceTree = BUILT_PRODUCTS_DIR; };
		C1711A6E231F443100BF4B93 /* Log.swift */ = {isa = PBXFileReference; lastKnownFileType = sourcecode.swift; path = Log.swift; sourceTree = "<group>"; };
		C19EC6FE212CEBDB005F5A2F /* NextPomodoroToday.entitlements */ = {isa = PBXFileReference; lastKnownFileType = text.plist.entitlements; path = NextPomodoroToday.entitlements; sourceTree = "<group>"; };
		C19EC6FF212CEBE8005F5A2F /* NextPomodoro.entitlements */ = {isa = PBXFileReference; lastKnownFileType = text.plist.entitlements; path = NextPomodoro.entitlements; sourceTree = "<group>"; };
		C19EFB9322EFD37A00DA4666 /* Notification+Constants.swift */ = {isa = PBXFileReference; lastKnownFileType = sourcecode.swift; path = "Notification+Constants.swift"; sourceTree = "<group>"; };
/* End PBXFileReference section */

/* Begin PBXFrameworksBuildPhase section */
		87B651702128F0AD006D88AF /* Frameworks */ = {
			isa = PBXFrameworksBuildPhase;
			buildActionMask = 2147483647;
			files = (
				63E91D3ED53A694F10C8C8F5 /* Pods_NextPomodoro.framework in Frameworks */,
			);
			runOnlyForDeploymentPostprocessing = 0;
		};
		87B6518F2128F422006D88AF /* Frameworks */ = {
			isa = PBXFrameworksBuildPhase;
			buildActionMask = 2147483647;
			files = (
				87B651952128F422006D88AF /* NotificationCenter.framework in Frameworks */,
				BDE02643AD97F936BAF7073A /* Pods_NextPomodoroToday.framework in Frameworks */,
			);
			runOnlyForDeploymentPostprocessing = 0;
		};
/* End PBXFrameworksBuildPhase section */

/* Begin PBXGroup section */
		8756548921293C2400D69D6D /* Views */ = {
			isa = PBXGroup;
			children = (
				8756548E2129679100D69D6D /* CountdownViewController.swift */,
				8758DB772324F78F008F94F9 /* FavoriteEditViewController.swift */,
				8756548A212947AA00D69D6D /* FavoritesViewController.swift */,
				876CA28B23249E2E00388C3F /* HistoryEditViewController.swift */,
				8756548C2129586000D69D6D /* HistoryViewController.swift */,
				87B6518C2128F258006D88AF /* LoginViewController.swift */,
				87B6517C2128F0AD006D88AF /* Main.storyboard */,
				87402CFF2144FDEC00F0C43A /* NewFavoriteController.swift */,
				8758DB5D2324C0E6008F94F9 /* SelectCategoryViewController.swift */,
				873AF08423251D3F00D6E9E3 /* SettingsViewController.swift */,
				87B6518A2128F184006D88AF /* TabBarController.swift */,
			);
			path = Views;
			sourceTree = "<group>";
		};
		87B6516A2128F0AD006D88AF = {
			isa = PBXGroup;
			children = (
				87B651932128F422006D88AF /* Frameworks */,
				87B651752128F0AD006D88AF /* NextPomodoro */,
				87B651962128F422006D88AF /* NextPomodoroToday */,
				9FA8CC5208EBA652E590C94C /* Pods */,
				87B651742128F0AD006D88AF /* Products */,
				875ADE09213A786800841740 /* README.md */,
			);
			sourceTree = "<group>";
		};
		87B651742128F0AD006D88AF /* Products */ = {
			isa = PBXGroup;
			children = (
				87B651732128F0AD006D88AF /* NextPomodoro.app */,
				87B651922128F422006D88AF /* NextPomodoroToday.appex */,
			);
			name = Products;
			sourceTree = "<group>";
		};
		87B651752128F0AD006D88AF /* NextPomodoro */ = {
			isa = PBXGroup;
			children = (
				87F397F6231E926E000AA82A /* Cells */,
				C19EFB9222EFD36900DA4666 /* Extensions */,
				87C43BD92144EBBE00E9C687 /* Models */,
				8756548921293C2400D69D6D /* Views */,
				87B651762128F0AD006D88AF /* AppDelegate.swift */,
				87B6517F2128F0AE006D88AF /* Assets.xcassets */,
				87B651842128F0AE006D88AF /* Info.plist */,
				87B651812128F0AE006D88AF /* LaunchScreen.storyboard */,
				8758DB802324F8CD008F94F9 /* Localizable.strings */,
				C19EC6FF212CEBE8005F5A2F /* NextPomodoro.entitlements */,
			);
			path = NextPomodoro;
			sourceTree = "<group>";
		};
		87B651932128F422006D88AF /* Frameworks */ = {
			isa = PBXGroup;
			children = (
				87B651942128F422006D88AF /* NotificationCenter.framework */,
				C05BE79E22F7E86CBCAA0D34 /* Pods_NextPomodoro.framework */,
				B4BCF5F1017B84873D27D8BE /* Pods_NextPomodoroToday.framework */,
			);
			name = Frameworks;
			sourceTree = "<group>";
		};
		87B651962128F422006D88AF /* NextPomodoroToday */ = {
			isa = PBXGroup;
			children = (
				87B6519C2128F422006D88AF /* Info.plist */,
				87B651992128F422006D88AF /* MainInterface.storyboard */,
				C19EC6FE212CEBDB005F5A2F /* NextPomodoroToday.entitlements */,
				87B651972128F422006D88AF /* TodayViewController.swift */,
			);
			path = NextPomodoroToday;
			sourceTree = "<group>";
		};
		87C43BD92144EBBE00E9C687 /* Models */ = {
			isa = PBXGroup;
			children = (
				8758DB5A2324B880008F94F9 /* APIBase.swift */,
				870A0499231EA45200A83842 /* Constants.swift */,
				8773DB112144EE5A00CF52CB /* Favorite.swift */,
				878808072335AC4B001C58D3 /* Info.swift */,
				87C43BDA2144EBE700E9C687 /* Pomodoro.swift */,
				87B651A42128F45E006D88AF /* PomodoroAPI.swift */,
				8773DB132144EE7E00CF52CB /* Settings.swift */,
			);
			path = Models;
			sourceTree = "<group>";
		};
		87F397F6231E926E000AA82A /* Cells */ = {
			isa = PBXGroup;
			children = (
				876CA2932324A5C800388C3F /* ButtonTableViewCell.swift */,
				876CA2942324A5C800388C3F /* ButtonTableViewCell.xib */,
				8758DB522324ADDC008F94F9 /* CountdownTableViewCell.swift */,
				8758DB532324ADDC008F94F9 /* CountdownTableViewCell.xib */,
				8758DB562324B18F008F94F9 /* DateTableViewCell.swift */,
				8758DB572324B18F008F94F9 /* DateTableViewCell.xib */,
				870A0495231E9DAE00A83842 /* FavoriteTableViewCell.swift */,
				870A0496231E9DAE00A83842 /* FavoriteTableViewCell.xib */,
				87F397F2231E9169000AA82A /* HistoryTableViewCell.swift */,
				87F397F3231E9169000AA82A /* HistoryTableViewCell.xib */,
				876CA28D23249F5300388C3F /* LeftTableViewCell.swift */,
				876CA28F2324A00C00388C3F /* TextTableViewCell.swift */,
				876CA2902324A00C00388C3F /* TextTableViewCell.xib */,
			);
			path = Cells;
			sourceTree = "<group>";
		};
		9FA8CC5208EBA652E590C94C /* Pods */ = {
			isa = PBXGroup;
			children = (
				A25BB0A2A811FF8B98F2AFC7 /* Pods-NextPomodoro.debug.xcconfig */,
				06C828C1149C556C1E910314 /* Pods-NextPomodoro.release.xcconfig */,
				34E0C4A4FF8833CFAB9838C3 /* Pods-NextPomodoroToday.debug.xcconfig */,
				59AECB448DE7C79C2C4635B2 /* Pods-NextPomodoroToday.release.xcconfig */,
			);
			name = Pods;
			path = Pods;
			sourceTree = "<group>";
		};
		C19EFB9222EFD36900DA4666 /* Extensions */ = {
			isa = PBXGroup;
			children = (
				87C43BD62144E6F800E9C687 /* Extensions.swift */,
				C1711A6E231F443100BF4B93 /* Log.swift */,
				C19EFB9322EFD37A00DA4666 /* Notification+Constants.swift */,
				8720384622EF2E47001577EF /* Storyboarded.swift */,
				8758DB752324F766008F94F9 /* UIAlert+Localized.swift */,
				870A0490231E946E00A83842 /* UITableViewController+ReuseableCell.swift */,
				878808052335A730001C58D3 /* UITextField+Validator.swift */,
			);
			path = Extensions;
			sourceTree = "<group>";
		};
/* End PBXGroup section */

/* Begin PBXNativeTarget section */
		87B651722128F0AD006D88AF /* NextPomodoro */ = {
			isa = PBXNativeTarget;
			buildConfigurationList = 87B651872128F0AE006D88AF /* Build configuration list for PBXNativeTarget "NextPomodoro" */;
			buildPhases = (
				465E045A068C993FB0597AD4 /* [CP] Check Pods Manifest.lock */,
				87B6516F2128F0AD006D88AF /* Sources */,
				87B651702128F0AD006D88AF /* Frameworks */,
				87B651712128F0AD006D88AF /* Resources */,
				87B651A32128F422006D88AF /* Embed App Extensions */,
				1D467E3F9A6E4C1823C683F9 /* [CP] Embed Pods Frameworks */,
			);
			buildRules = (
			);
			dependencies = (
				87B6519E2128F422006D88AF /* PBXTargetDependency */,
			);
			name = NextPomodoro;
			productName = NextPomodoro;
			productReference = 87B651732128F0AD006D88AF /* NextPomodoro.app */;
			productType = "com.apple.product-type.application";
		};
		87B651912128F422006D88AF /* NextPomodoroToday */ = {
			isa = PBXNativeTarget;
			buildConfigurationList = 87B651A02128F422006D88AF /* Build configuration list for PBXNativeTarget "NextPomodoroToday" */;
			buildPhases = (
				8DC99FE1071405B63920378E /* [CP] Check Pods Manifest.lock */,
				87B6518E2128F422006D88AF /* Sources */,
				87B6518F2128F422006D88AF /* Frameworks */,
				87B651902128F422006D88AF /* Resources */,
			);
			buildRules = (
			);
			dependencies = (
			);
			name = NextPomodoroToday;
			productName = NextPomodoroToday;
			productReference = 87B651922128F422006D88AF /* NextPomodoroToday.appex */;
			productType = "com.apple.product-type.app-extension";
		};
/* End PBXNativeTarget section */

/* Begin PBXProject section */
		87B6516B2128F0AD006D88AF /* Project object */ = {
			isa = PBXProject;
			attributes = {
				LastSwiftUpdateCheck = 0940;
				LastUpgradeCheck = 0940;
				ORGANIZATIONNAME = "Paul Traylor";
				TargetAttributes = {
					87B651722128F0AD006D88AF = {
						CreatedOnToolsVersion = 9.4.1;
						LastSwiftMigration = 1030;
						SystemCapabilities = {
							com.apple.ApplicationGroups.iOS = {
								enabled = 1;
							};
						};
					};
					87B651912128F422006D88AF = {
						CreatedOnToolsVersion = 9.4.1;
						LastSwiftMigration = 1030;
						SystemCapabilities = {
							com.apple.ApplicationGroups.iOS = {
								enabled = 1;
							};
						};
					};
				};
			};
			buildConfigurationList = 87B6516E2128F0AD006D88AF /* Build configuration list for PBXProject "NextPomodoro" */;
			compatibilityVersion = "Xcode 9.3";
			developmentRegion = en;
			hasScannedForEncodings = 0;
			knownRegions = (
				en,
				Base,
				ja,
			);
			mainGroup = 87B6516A2128F0AD006D88AF;
			productRefGroup = 87B651742128F0AD006D88AF /* Products */;
			projectDirPath = "";
			projectRoot = "";
			targets = (
				87B651722128F0AD006D88AF /* NextPomodoro */,
				87B651912128F422006D88AF /* NextPomodoroToday */,
			);
		};
/* End PBXProject section */

/* Begin PBXResourcesBuildPhase section */
		87B651712128F0AD006D88AF /* Resources */ = {
			isa = PBXResourcesBuildPhase;
			buildActionMask = 2147483647;
			files = (
				87B651832128F0AE006D88AF /* LaunchScreen.storyboard in Resources */,
				87B651802128F0AE006D88AF /* Assets.xcassets in Resources */,
				876CA2922324A00C00388C3F /* TextTableViewCell.xib in Resources */,
				876CA2962324A5C800388C3F /* ButtonTableViewCell.xib in Resources */,
				8758DB7E2324F8CD008F94F9 /* Localizable.strings in Resources */,
				870A0498231E9DAE00A83842 /* FavoriteTableViewCell.xib in Resources */,
				87F397F5231E9169000AA82A /* HistoryTableViewCell.xib in Resources */,
				87B6517E2128F0AD006D88AF /* Main.storyboard in Resources */,
				8758DB592324B18F008F94F9 /* DateTableViewCell.xib in Resources */,
				8758DB552324ADDC008F94F9 /* CountdownTableViewCell.xib in Resources */,
			);
			runOnlyForDeploymentPostprocessing = 0;
		};
		87B651902128F422006D88AF /* Resources */ = {
			isa = PBXResourcesBuildPhase;
			buildActionMask = 2147483647;
			files = (
				C19EC700212CEC5D005F5A2F /* Assets.xcassets in Resources */,
				87B6519B2128F422006D88AF /* MainInterface.storyboard in Resources */,
			);
			runOnlyForDeploymentPostprocessing = 0;
		};
/* End PBXResourcesBuildPhase section */

/* Begin PBXShellScriptBuildPhase section */
		1D467E3F9A6E4C1823C683F9 /* [CP] Embed Pods Frameworks */ = {
			isa = PBXShellScriptBuildPhase;
			buildActionMask = 2147483647;
			files = (
			);
			inputFileListPaths = (
				"${PODS_ROOT}/Target Support Files/Pods-NextPomodoro/Pods-NextPomodoro-frameworks-${CONFIGURATION}-input-files.xcfilelist",
			);
			name = "[CP] Embed Pods Frameworks";
			outputFileListPaths = (
				"${PODS_ROOT}/Target Support Files/Pods-NextPomodoro/Pods-NextPomodoro-frameworks-${CONFIGURATION}-output-files.xcfilelist",
			);
			runOnlyForDeploymentPostprocessing = 0;
			shellPath = /bin/sh;
			shellScript = "\"${PODS_ROOT}/Target Support Files/Pods-NextPomodoro/Pods-NextPomodoro-frameworks.sh\"\n";
			showEnvVarsInLog = 0;
		};
		465E045A068C993FB0597AD4 /* [CP] Check Pods Manifest.lock */ = {
			isa = PBXShellScriptBuildPhase;
			buildActionMask = 2147483647;
			files = (
			);
			inputFileListPaths = (
			);
			inputPaths = (
				"${PODS_PODFILE_DIR_PATH}/Podfile.lock",
				"${PODS_ROOT}/Manifest.lock",
			);
			name = "[CP] Check Pods Manifest.lock";
			outputFileListPaths = (
			);
			outputPaths = (
				"$(DERIVED_FILE_DIR)/Pods-NextPomodoro-checkManifestLockResult.txt",
			);
			runOnlyForDeploymentPostprocessing = 0;
			shellPath = /bin/sh;
			shellScript = "diff \"${PODS_PODFILE_DIR_PATH}/Podfile.lock\" \"${PODS_ROOT}/Manifest.lock\" > /dev/null\nif [ $? != 0 ] ; then\n    # print error to STDERR\n    echo \"error: The sandbox is not in sync with the Podfile.lock. Run 'pod install' or update your CocoaPods installation.\" >&2\n    exit 1\nfi\n# This output is used by Xcode 'outputs' to avoid re-running this script phase.\necho \"SUCCESS\" > \"${SCRIPT_OUTPUT_FILE_0}\"\n";
			showEnvVarsInLog = 0;
		};
		8DC99FE1071405B63920378E /* [CP] Check Pods Manifest.lock */ = {
			isa = PBXShellScriptBuildPhase;
			buildActionMask = 2147483647;
			files = (
			);
			inputFileListPaths = (
			);
			inputPaths = (
				"${PODS_PODFILE_DIR_PATH}/Podfile.lock",
				"${PODS_ROOT}/Manifest.lock",
			);
			name = "[CP] Check Pods Manifest.lock";
			outputFileListPaths = (
			);
			outputPaths = (
				"$(DERIVED_FILE_DIR)/Pods-NextPomodoroToday-checkManifestLockResult.txt",
			);
			runOnlyForDeploymentPostprocessing = 0;
			shellPath = /bin/sh;
			shellScript = "diff \"${PODS_PODFILE_DIR_PATH}/Podfile.lock\" \"${PODS_ROOT}/Manifest.lock\" > /dev/null\nif [ $? != 0 ] ; then\n    # print error to STDERR\n    echo \"error: The sandbox is not in sync with the Podfile.lock. Run 'pod install' or update your CocoaPods installation.\" >&2\n    exit 1\nfi\n# This output is used by Xcode 'outputs' to avoid re-running this script phase.\necho \"SUCCESS\" > \"${SCRIPT_OUTPUT_FILE_0}\"\n";
			showEnvVarsInLog = 0;
		};
/* End PBXShellScriptBuildPhase section */

/* Begin PBXSourcesBuildPhase section */
		87B6516F2128F0AD006D88AF /* Sources */ = {
			isa = PBXSourcesBuildPhase;
			buildActionMask = 2147483647;
			files = (
				C19EFB9422EFD37A00DA4666 /* Notification+Constants.swift in Sources */,
				8756548F2129679100D69D6D /* CountdownViewController.swift in Sources */,
				87C43BDB2144EBE700E9C687 /* Pomodoro.swift in Sources */,
				8758DB542324ADDC008F94F9 /* CountdownTableViewCell.swift in Sources */,
				87B651A52128F45E006D88AF /* PomodoroAPI.swift in Sources */,
				876CA2912324A00C00388C3F /* TextTableViewCell.swift in Sources */,
				8756548B212947AA00D69D6D /* FavoritesViewController.swift in Sources */,
				87C43BD72144E6F800E9C687 /* Extensions.swift in Sources */,
				870A0497231E9DAE00A83842 /* FavoriteTableViewCell.swift in Sources */,
				8758DB5E2324C0E6008F94F9 /* SelectCategoryViewController.swift in Sources */,
				8720384722EF2E47001577EF /* Storyboarded.swift in Sources */,
				8773DB122144EE5A00CF52CB /* Favorite.swift in Sources */,
				8758DB5B2324B880008F94F9 /* APIBase.swift in Sources */,
				87B6518B2128F184006D88AF /* TabBarController.swift in Sources */,
				8758DB762324F766008F94F9 /* UIAlert+Localized.swift in Sources */,
				87F397F4231E9169000AA82A /* HistoryTableViewCell.swift in Sources */,
				87B651772128F0AD006D88AF /* AppDelegate.swift in Sources */,
				878808082335AC4B001C58D3 /* Info.swift in Sources */,
				87B6518D2128F258006D88AF /* LoginViewController.swift in Sources */,
				870A0491231E946E00A83842 /* UITableViewController+ReuseableCell.swift in Sources */,
				C1711A6F231F443100BF4B93 /* Log.swift in Sources */,
				8758DB782324F78F008F94F9 /* FavoriteEditViewController.swift in Sources */,
				8773DB142144EE7E00CF52CB /* Settings.swift in Sources */,
				87402D002144FDEC00F0C43A /* NewFavoriteController.swift in Sources */,
				873AF08523251D3F00D6E9E3 /* SettingsViewController.swift in Sources */,
				876CA28C23249E2E00388C3F /* HistoryEditViewController.swift in Sources */,
				8758DB582324B18F008F94F9 /* DateTableViewCell.swift in Sources */,
				876CA2952324A5C800388C3F /* ButtonTableViewCell.swift in Sources */,
				876CA28E23249F5300388C3F /* LeftTableViewCell.swift in Sources */,
				8756548D2129586000D69D6D /* HistoryViewController.swift in Sources */,
				870A049A231EA45200A83842 /* Constants.swift in Sources */,
				878808062335A730001C58D3 /* UITextField+Validator.swift in Sources */,
			);
			runOnlyForDeploymentPostprocessing = 0;
		};
		87B6518E2128F422006D88AF /* Sources */ = {
			isa = PBXSourcesBuildPhase;
			buildActionMask = 2147483647;
			files = (
				87B651982128F422006D88AF /* TodayViewController.swift in Sources */,
				C1711A70231F47CD00BF4B93 /* Log.swift in Sources */,
				8773DB152144EF1D00CF52CB /* Favorite.swift in Sources */,
				87C43BDC2144EBE700E9C687 /* Pomodoro.swift in Sources */,
				87B651A62128F488006D88AF /* PomodoroAPI.swift in Sources */,
				8758DB5C2324B8E1008F94F9 /* APIBase.swift in Sources */,
				8773DB162144EF1F00CF52CB /* Settings.swift in Sources */,
				870A049B231EA50500A83842 /* Constants.swift in Sources */,
			);
			runOnlyForDeploymentPostprocessing = 0;
		};
/* End PBXSourcesBuildPhase section */

/* Begin PBXTargetDependency section */
		87B6519E2128F422006D88AF /* PBXTargetDependency */ = {
			isa = PBXTargetDependency;
			target = 87B651912128F422006D88AF /* NextPomodoroToday */;
			targetProxy = 87B6519D2128F422006D88AF /* PBXContainerItemProxy */;
		};
/* End PBXTargetDependency section */

/* Begin PBXVariantGroup section */
		8758DB802324F8CD008F94F9 /* Localizable.strings */ = {
			isa = PBXVariantGroup;
			children = (
				8758DB812324F8D1008F94F9 /* ja */,
			);
			name = Localizable.strings;
			path = .;
			sourceTree = "<group>";
		};
		87B6517C2128F0AD006D88AF /* Main.storyboard */ = {
			isa = PBXVariantGroup;
			children = (
				87B6517D2128F0AD006D88AF /* Base */,
				8758DB792324F7C4008F94F9 /* ja */,
			);
			name = Main.storyboard;
			path = .;
			sourceTree = "<group>";
		};
		87B651812128F0AE006D88AF /* LaunchScreen.storyboard */ = {
			isa = PBXVariantGroup;
			children = (
				87B651822128F0AE006D88AF /* Base */,
				8758DB7A2324F7C4008F94F9 /* ja */,
			);
			name = LaunchScreen.storyboard;
			path = .;
			sourceTree = "<group>";
		};
		87B651992128F422006D88AF /* MainInterface.storyboard */ = {
			isa = PBXVariantGroup;
			children = (
				87B6519A2128F422006D88AF /* Base */,
				8758DB7B2324F7C4008F94F9 /* ja */,
			);
			name = MainInterface.storyboard;
			path = .;
			sourceTree = "<group>";
		};
/* End PBXVariantGroup section */

/* Begin XCBuildConfiguration section */
		87B651852128F0AE006D88AF /* Debug */ = {
			isa = XCBuildConfiguration;
			buildSettings = {
				ALWAYS_SEARCH_USER_PATHS = NO;
				CLANG_ANALYZER_LOCALIZABILITY_NONLOCALIZED = YES;
				CLANG_ANALYZER_NONNULL = YES;
				CLANG_ANALYZER_NUMBER_OBJECT_CONVERSION = YES_AGGRESSIVE;
				CLANG_CXX_LANGUAGE_STANDARD = "gnu++14";
				CLANG_CXX_LIBRARY = "libc++";
				CLANG_ENABLE_MODULES = YES;
				CLANG_ENABLE_OBJC_ARC = YES;
				CLANG_ENABLE_OBJC_WEAK = YES;
				CLANG_WARN_BLOCK_CAPTURE_AUTORELEASING = YES;
				CLANG_WARN_BOOL_CONVERSION = YES;
				CLANG_WARN_COMMA = YES;
				CLANG_WARN_CONSTANT_CONVERSION = YES;
				CLANG_WARN_DEPRECATED_OBJC_IMPLEMENTATIONS = YES;
				CLANG_WARN_DIRECT_OBJC_ISA_USAGE = YES_ERROR;
				CLANG_WARN_DOCUMENTATION_COMMENTS = YES;
				CLANG_WARN_EMPTY_BODY = YES;
				CLANG_WARN_ENUM_CONVERSION = YES;
				CLANG_WARN_INFINITE_RECURSION = YES;
				CLANG_WARN_INT_CONVERSION = YES;
				CLANG_WARN_NON_LITERAL_NULL_CONVERSION = YES;
				CLANG_WARN_OBJC_IMPLICIT_RETAIN_SELF = YES;
				CLANG_WARN_OBJC_LITERAL_CONVERSION = YES;
				CLANG_WARN_OBJC_ROOT_CLASS = YES_ERROR;
				CLANG_WARN_RANGE_LOOP_ANALYSIS = YES;
				CLANG_WARN_STRICT_PROTOTYPES = YES;
				CLANG_WARN_SUSPICIOUS_MOVE = YES;
				CLANG_WARN_UNGUARDED_AVAILABILITY = YES_AGGRESSIVE;
				CLANG_WARN_UNREACHABLE_CODE = YES;
				CLANG_WARN__DUPLICATE_METHOD_MATCH = YES;
				CODE_SIGN_IDENTITY = "iPhone Developer";
				COPY_PHASE_STRIP = NO;
				CURRENT_PROJECT_VERSION = 4;
				DEBUG_INFORMATION_FORMAT = dwarf;
				ENABLE_STRICT_OBJC_MSGSEND = YES;
				ENABLE_TESTABILITY = YES;
				GCC_C_LANGUAGE_STANDARD = gnu11;
				GCC_DYNAMIC_NO_PIC = NO;
				GCC_NO_COMMON_BLOCKS = YES;
				GCC_OPTIMIZATION_LEVEL = 0;
				GCC_PREPROCESSOR_DEFINITIONS = (
					"DEBUG=1",
					"$(inherited)",
				);
				GCC_WARN_64_TO_32_BIT_CONVERSION = YES;
				GCC_WARN_ABOUT_RETURN_TYPE = YES_ERROR;
				GCC_WARN_UNDECLARED_SELECTOR = YES;
				GCC_WARN_UNINITIALIZED_AUTOS = YES_AGGRESSIVE;
				GCC_WARN_UNUSED_FUNCTION = YES;
				GCC_WARN_UNUSED_VARIABLE = YES;
				IPHONEOS_DEPLOYMENT_TARGET = 12.0;
				MTL_ENABLE_DEBUG_INFO = YES;
				ONLY_ACTIVE_ARCH = YES;
				SDKROOT = iphoneos;
				SWIFT_ACTIVE_COMPILATION_CONDITIONS = DEBUG;
				SWIFT_OPTIMIZATION_LEVEL = "-Onone";
				VERSIONING_SYSTEM = "apple-generic";
			};
			name = Debug;
		};
		87B651862128F0AE006D88AF /* Release */ = {
			isa = XCBuildConfiguration;
			buildSettings = {
				ALWAYS_SEARCH_USER_PATHS = NO;
				CLANG_ANALYZER_LOCALIZABILITY_NONLOCALIZED = YES;
				CLANG_ANALYZER_NONNULL = YES;
				CLANG_ANALYZER_NUMBER_OBJECT_CONVERSION = YES_AGGRESSIVE;
				CLANG_CXX_LANGUAGE_STANDARD = "gnu++14";
				CLANG_CXX_LIBRARY = "libc++";
				CLANG_ENABLE_MODULES = YES;
				CLANG_ENABLE_OBJC_ARC = YES;
				CLANG_ENABLE_OBJC_WEAK = YES;
				CLANG_WARN_BLOCK_CAPTURE_AUTORELEASING = YES;
				CLANG_WARN_BOOL_CONVERSION = YES;
				CLANG_WARN_COMMA = YES;
				CLANG_WARN_CONSTANT_CONVERSION = YES;
				CLANG_WARN_DEPRECATED_OBJC_IMPLEMENTATIONS = YES;
				CLANG_WARN_DIRECT_OBJC_ISA_USAGE = YES_ERROR;
				CLANG_WARN_DOCUMENTATION_COMMENTS = YES;
				CLANG_WARN_EMPTY_BODY = YES;
				CLANG_WARN_ENUM_CONVERSION = YES;
				CLANG_WARN_INFINITE_RECURSION = YES;
				CLANG_WARN_INT_CONVERSION = YES;
				CLANG_WARN_NON_LITERAL_NULL_CONVERSION = YES;
				CLANG_WARN_OBJC_IMPLICIT_RETAIN_SELF = YES;
				CLANG_WARN_OBJC_LITERAL_CONVERSION = YES;
				CLANG_WARN_OBJC_ROOT_CLASS = YES_ERROR;
				CLANG_WARN_RANGE_LOOP_ANALYSIS = YES;
				CLANG_WARN_STRICT_PROTOTYPES = YES;
				CLANG_WARN_SUSPICIOUS_MOVE = YES;
				CLANG_WARN_UNGUARDED_AVAILABILITY = YES_AGGRESSIVE;
				CLANG_WARN_UNREACHABLE_CODE = YES;
				CLANG_WARN__DUPLICATE_METHOD_MATCH = YES;
				CODE_SIGN_IDENTITY = "iPhone Developer";
				COPY_PHASE_STRIP = NO;
				CURRENT_PROJECT_VERSION = 4;
				DEBUG_INFORMATION_FORMAT = "dwarf-with-dsym";
				ENABLE_NS_ASSERTIONS = NO;
				ENABLE_STRICT_OBJC_MSGSEND = YES;
				GCC_C_LANGUAGE_STANDARD = gnu11;
				GCC_NO_COMMON_BLOCKS = YES;
				GCC_WARN_64_TO_32_BIT_CONVERSION = YES;
				GCC_WARN_ABOUT_RETURN_TYPE = YES_ERROR;
				GCC_WARN_UNDECLARED_SELECTOR = YES;
				GCC_WARN_UNINITIALIZED_AUTOS = YES_AGGRESSIVE;
				GCC_WARN_UNUSED_FUNCTION = YES;
				GCC_WARN_UNUSED_VARIABLE = YES;
				IPHONEOS_DEPLOYMENT_TARGET = 12.0;
				MTL_ENABLE_DEBUG_INFO = NO;
				SDKROOT = iphoneos;
				SWIFT_COMPILATION_MODE = wholemodule;
				SWIFT_OPTIMIZATION_LEVEL = "-O";
				VALIDATE_PRODUCT = YES;
				VERSIONING_SYSTEM = "apple-generic";
			};
			name = Release;
		};
		87B651882128F0AE006D88AF /* Debug */ = {
			isa = XCBuildConfiguration;
			baseConfigurationReference = A25BB0A2A811FF8B98F2AFC7 /* Pods-NextPomodoro.debug.xcconfig */;
			buildSettings = {
				ALWAYS_EMBED_SWIFT_STANDARD_LIBRARIES = YES;
				ASSETCATALOG_COMPILER_APPICON_NAME = AppIcon;
				CODE_SIGN_ENTITLEMENTS = NextPomodoro/NextPomodoro.entitlements;
				CODE_SIGN_STYLE = Automatic;
				DEVELOPMENT_TEAM = QX3B8ZS54S;
				INFOPLIST_FILE = NextPomodoro/Info.plist;
				LD_RUNPATH_SEARCH_PATHS = (
					"$(inherited)",
					"@executable_path/Frameworks",
				);
				PRODUCT_BUNDLE_IDENTIFIER = net.kungfudiscomonkey.NextPomodoro;
				PRODUCT_NAME = "$(TARGET_NAME)";
				SWIFT_VERSION = 5.0;
				TARGETED_DEVICE_FAMILY = "1,2";
			};
			name = Debug;
		};
		87B651892128F0AE006D88AF /* Release */ = {
			isa = XCBuildConfiguration;
			baseConfigurationReference = 06C828C1149C556C1E910314 /* Pods-NextPomodoro.release.xcconfig */;
			buildSettings = {
				ALWAYS_EMBED_SWIFT_STANDARD_LIBRARIES = YES;
				ASSETCATALOG_COMPILER_APPICON_NAME = AppIcon;
				CODE_SIGN_ENTITLEMENTS = NextPomodoro/NextPomodoro.entitlements;
				CODE_SIGN_STYLE = Automatic;
				DEVELOPMENT_TEAM = QX3B8ZS54S;
				INFOPLIST_FILE = NextPomodoro/Info.plist;
				LD_RUNPATH_SEARCH_PATHS = (
					"$(inherited)",
					"@executable_path/Frameworks",
				);
				PRODUCT_BUNDLE_IDENTIFIER = net.kungfudiscomonkey.NextPomodoro;
				PRODUCT_NAME = "$(TARGET_NAME)";
				SWIFT_VERSION = 5.0;
				TARGETED_DEVICE_FAMILY = "1,2";
			};
			name = Release;
		};
		87B651A12128F422006D88AF /* Debug */ = {
			isa = XCBuildConfiguration;
			baseConfigurationReference = 34E0C4A4FF8833CFAB9838C3 /* Pods-NextPomodoroToday.debug.xcconfig */;
			buildSettings = {
				CODE_SIGN_ENTITLEMENTS = NextPomodoroToday/NextPomodoroToday.entitlements;
				CODE_SIGN_STYLE = Automatic;
				CURRENT_PROJECT_VERSION = 4;
				DEVELOPMENT_TEAM = QX3B8ZS54S;
				INFOPLIST_FILE = NextPomodoroToday/Info.plist;
				LD_RUNPATH_SEARCH_PATHS = (
					"$(inherited)",
					"@executable_path/Frameworks",
					"@executable_path/../../Frameworks",
				);
				PRODUCT_BUNDLE_IDENTIFIER = net.kungfudiscomonkey.NextPomodoro.NextPomodoroToday;
				PRODUCT_NAME = "$(TARGET_NAME)";
				SKIP_INSTALL = YES;
				SWIFT_VERSION = 5.0;
				TARGETED_DEVICE_FAMILY = "1,2";
			};
			name = Debug;
		};
		87B651A22128F422006D88AF /* Release */ = {
			isa = XCBuildConfiguration;
			baseConfigurationReference = 59AECB448DE7C79C2C4635B2 /* Pods-NextPomodoroToday.release.xcconfig */;
			buildSettings = {
				CODE_SIGN_ENTITLEMENTS = NextPomodoroToday/NextPomodoroToday.entitlements;
				CODE_SIGN_STYLE = Automatic;
				CURRENT_PROJECT_VERSION = 4;
				DEVELOPMENT_TEAM = QX3B8ZS54S;
				INFOPLIST_FILE = NextPomodoroToday/Info.plist;
				LD_RUNPATH_SEARCH_PATHS = (
					"$(inherited)",
					"@executable_path/Frameworks",
					"@executable_path/../../Frameworks",
				);
				PRODUCT_BUNDLE_IDENTIFIER = net.kungfudiscomonkey.NextPomodoro.NextPomodoroToday;
				PRODUCT_NAME = "$(TARGET_NAME)";
				SKIP_INSTALL = YES;
				SWIFT_VERSION = 5.0;
				TARGETED_DEVICE_FAMILY = "1,2";
			};
			name = Release;
		};
/* End XCBuildConfiguration section */

/* Begin XCConfigurationList section */
		87B6516E2128F0AD006D88AF /* Build configuration list for PBXProject "NextPomodoro" */ = {
			isa = XCConfigurationList;
			buildConfigurations = (
				87B651852128F0AE006D88AF /* Debug */,
				87B651862128F0AE006D88AF /* Release */,
			);
			defaultConfigurationIsVisible = 0;
			defaultConfigurationName = Release;
		};
		87B651872128F0AE006D88AF /* Build configuration list for PBXNativeTarget "NextPomodoro" */ = {
			isa = XCConfigurationList;
			buildConfigurations = (
				87B651882128F0AE006D88AF /* Debug */,
				87B651892128F0AE006D88AF /* Release */,
			);
			defaultConfigurationIsVisible = 0;
			defaultConfigurationName = Release;
		};
		87B651A02128F422006D88AF /* Build configuration list for PBXNativeTarget "NextPomodoroToday" */ = {
			isa = XCConfigurationList;
			buildConfigurations = (
				87B651A12128F422006D88AF /* Debug */,
				87B651A22128F422006D88AF /* Release */,
			);
			defaultConfigurationIsVisible = 0;
			defaultConfigurationName = Release;
		};
/* End XCConfigurationList section */
	};
	rootObject = 87B6516B2128F0AD006D88AF /* Project object */;
}
